
Microsoft Visual Studio Solution File, Format Version 12.00
# Visual Studio Version 17
VisualStudioVersion = 17.5.33627.172
MinimumVisualStudioVersion = 10.0.40219.1
Project("{FAE04EC0-301F-11D3-BF4B-00C04F79EFBC}") = "learn_0613", "learn_0613\learn_0613.csproj", "{BE7B8A6B-EC85-436B-9319-3B481C74B29A}"
EndProject
Global
	GlobalSection(SolutionConfigurationPlatforms) = preSolution
		Debug|Any CPU = Debug|Any CPU
		Release|Any CPU = Release|Any CPU
	EndGlobalSection
	GlobalSection(ProjectConfigurationPlatforms) = postSolution
		{BE7B8A6B-EC85-436B-9319-3B481C74B29A}.Debug|Any CPU.ActiveCfg = Debug|Any CPU
		{BE7B8A6B-EC85-436B-9319-3B481C74B29A}.Debug|Any CPU.Build.0 = Debug|Any CPU
		{BE7B8A6B-EC85-436B-9319-3B481C74B29A}.Release|Any CPU.ActiveCfg = Release|Any CPU
		{BE7B8A6B-EC85-436B-9319-3B481C74B29A}.Release|Any CPU.Build.0 = Release|Any CPU
	EndGlobalSection
	GlobalSection(SolutionProperties) = preSolution
		HideSolutionNode = FALSE
	EndGlobalSection
	GlobalSection(ExtensibilityGlobals) = postSolution
		SolutionGuid = {999F264C-564E-4742-9F70-FE01363B4FDB}
	EndGlobalSection
EndGlobal
